
Microsoft Visual Studio Solution File, Format Version 12.00
# Visual Studio Version 17
VisualStudioVersion = 17.10.35013.160
MinimumVisualStudioVersion = 10.0.40219.1
Project("{8BC9CEB8-8B4A-11D0-8D11-00A0C91BC942}") = "Carpooling", "Carpooling.vcxproj", "{FCE8B1FF-2679-4278-B4AA-24ECC6872A1D}"
EndProject
Global
	GlobalSection(SolutionConfigurationPlatforms) = preSolution
		Debug|x64 = Debug|x64
		Debug|x86 = Debug|x86
		Release|x64 = Release|x64
		Release|x86 = Release|x86
	EndGlobalSection
	GlobalSection(ProjectConfigurationPlatforms) = postSolution
		{FCE8B1FF-2679-4278-B4AA-24ECC6872A1D}.Debug|x64.ActiveCfg = Debug|x64
		{FCE8B1FF-2679-4278-B4AA-24ECC6872A1D}.Debug|x64.Build.0 = Debug|x64
		{FCE8B1FF-2679-4278-B4AA-24ECC6872A1D}.Debug|x86.ActiveCfg = Debug|Win32
		{FCE8B1FF-2679-4278-B4AA-24ECC6872A1D}.Debug|x86.Build.0 = Debug|Win32
		{FCE8B1FF-2679-4278-B4AA-24ECC6872A1D}.Release|x64.ActiveCfg = Release|x64
		{FCE8B1FF-2679-4278-B4AA-24ECC6872A1D}.Release|x64.Build.0 = Release|x64
		{FCE8B1FF-2679-4278-B4AA-24ECC6872A1D}.Release|x86.ActiveCfg = Release|Win32
		{FCE8B1FF-2679-4278-B4AA-24ECC6872A1D}.Release|x86.Build.0 = Release|Win32
	EndGlobalSection
	GlobalSection(SolutionProperties) = preSolution
		HideSolutionNode = FALSE
	EndGlobalSection
	GlobalSection(ExtensibilityGlobals) = postSolution
		SolutionGuid = {4E517E78-FEDC-4DDC-8954-01229B83BDF6}
	EndGlobalSection
EndGlobal
